
Microsoft Visual Studio Solution File, Format Version 12.00
# Visual Studio Version 17
VisualStudioVersion = 17.13.35919.96 d17.13
MinimumVisualStudioVersion = 10.0.40219.1
Project("{FAE04EC0-301F-11D3-BF4B-00C04F79EFBC}") = "TSUApplicationApi", "TSUApplicationApi\TSUApplicationApi.csproj", "{934A7871-A8F0-44CD-9214-1CFCCFB0AA14}"
EndProject
Global
	GlobalSection(SolutionConfigurationPlatforms) = preSolution
		Debug|Any CPU = Debug|Any CPU
		Release|Any CPU = Release|Any CPU
	EndGlobalSection
	GlobalSection(ProjectConfigurationPlatforms) = postSolution
		{934A7871-A8F0-44CD-9214-1CFCCFB0AA14}.Debug|Any CPU.ActiveCfg = Debug|Any CPU
		{934A7871-A8F0-44CD-9214-1CFCCFB0AA14}.Debug|Any CPU.Build.0 = Debug|Any CPU
		{934A7871-A8F0-44CD-9214-1CFCCFB0AA14}.Release|Any CPU.ActiveCfg = Release|Any CPU
		{934A7871-A8F0-44CD-9214-1CFCCFB0AA14}.Release|Any CPU.Build.0 = Release|Any CPU
	EndGlobalSection
	GlobalSection(SolutionProperties) = preSolution
		HideSolutionNode = FALSE
	EndGlobalSection
	GlobalSection(ExtensibilityGlobals) = postSolution
		SolutionGuid = {59C30346-E5E6-4953-985D-2D76650DB138}
	EndGlobalSection
EndGlobal
